
Microsoft Visual Studio Solution File, Format Version 12.00
# Visual Studio Version 16
VisualStudioVersion = 16.0.810.19
MinimumVisualStudioVersion = 10.0.40219.1
Project("{FAE04EC0-301F-11D3-BF4B-00C04F79EFBC}") = "WEBAPP_1001_Assignment_2", "WEBAPP_1001_Assignment_2.csproj", "{1B14161E-B424-4BC8-A291-161767ABBAB3}"
EndProject
Global
	GlobalSection(SolutionConfigurationPlatforms) = preSolution
		Debug|Any CPU = Debug|Any CPU
		Release|Any CPU = Release|Any CPU
	EndGlobalSection
	GlobalSection(ProjectConfigurationPlatforms) = postSolution
		{1B14161E-B424-4BC8-A291-161767ABBAB3}.Debug|Any CPU.ActiveCfg = Debug|Any CPU
		{1B14161E-B424-4BC8-A291-161767ABBAB3}.Debug|Any CPU.Build.0 = Debug|Any CPU
		{1B14161E-B424-4BC8-A291-161767ABBAB3}.Release|Any CPU.ActiveCfg = Release|Any CPU
		{1B14161E-B424-4BC8-A291-161767ABBAB3}.Release|Any CPU.Build.0 = Release|Any CPU
	EndGlobalSection
	GlobalSection(SolutionProperties) = preSolution
		HideSolutionNode = FALSE
	EndGlobalSection
	GlobalSection(ExtensibilityGlobals) = postSolution
		SolutionGuid = {3849B95A-B3E5-487D-9886-1C41CA5C9560}
	EndGlobalSection
EndGlobal
